
Microsoft Visual Studio Solution File, Format Version 12.00
# Visual Studio Version 16
VisualStudioVersion = 16.0.29215.179
MinimumVisualStudioVersion = 10.0.40219.1
Project("{888888A0-9F3D-457C-B088-3A5042F75D52}") = "ChannelAdder", "ChannelAdder\ChannelAdder.pyproj", "{5DD8250D-D82D-46EF-8350-C0CE5D03188C}"
EndProject
Global
	GlobalSection(SolutionConfigurationPlatforms) = preSolution
		Debug|Any CPU = Debug|Any CPU
		Release|Any CPU = Release|Any CPU
	EndGlobalSection
	GlobalSection(ProjectConfigurationPlatforms) = postSolution
		{5DD8250D-D82D-46EF-8350-C0CE5D03188C}.Debug|Any CPU.ActiveCfg = Debug|Any CPU
		{5DD8250D-D82D-46EF-8350-C0CE5D03188C}.Release|Any CPU.ActiveCfg = Release|Any CPU
	EndGlobalSection
	GlobalSection(SolutionProperties) = preSolution
		HideSolutionNode = FALSE
	EndGlobalSection
	GlobalSection(ExtensibilityGlobals) = postSolution
		SolutionGuid = {9866B92D-B502-43C3-8F08-E63C1B5F9637}
	EndGlobalSection
EndGlobal
